// !$*UTF8*$!
{
	archiveVersion = 1;
	classes = {
	};
	objectVersion = 46;
	objects = {

/* Begin PBXBuildFile section */
		BE3BC3CF1D97A41300AEE64A /* AppDelegate.swift in Sources */ = {isa = PBXBuildFile; fileRef = BE3BC3CE1D97A41300AEE64A /* AppDelegate.swift */; };
		BE3BC3D11D97A41300AEE64A /* ViewController.swift in Sources */ = {isa = PBXBuildFile; fileRef = BE3BC3D01D97A41300AEE64A /* ViewController.swift */; };
		BE3BC3D41D97A41300AEE64A /* Main.storyboard in Resources */ = {isa = PBXBuildFile; fileRef = BE3BC3D21D97A41300AEE64A /* Main.storyboard */; };
		BE3BC3D61D97A41300AEE64A /* Assets.xcassets in Resources */ = {isa = PBXBuildFile; fileRef = BE3BC3D51D97A41300AEE64A /* Assets.xcassets */; };
		BE3BC3D91D97A41300AEE64A /* LaunchScreen.storyboard in Resources */ = {isa = PBXBuildFile; fileRef = BE3BC3D71D97A41300AEE64A /* LaunchScreen.storyboard */; };
		BE3BC3E41D97A41300AEE64A /* Tip_CalulatorTests.swift in Sources */ = {isa = PBXBuildFile; fileRef = BE3BC3E31D97A41300AEE64A /* Tip_CalulatorTests.swift */; };
		BE3BC3EF1D97A41300AEE64A /* Tip_CalulatorUITests.swift in Sources */ = {isa = PBXBuildFile; fileRef = BE3BC3EE1D97A41300AEE64A /* Tip_CalulatorUITests.swift */; };
		BE3BC3FD1D97B49300AEE64A /* SettingViewController.swift in Sources */ = {isa = PBXBuildFile; fileRef = BE3BC3FC1D97B49300AEE64A /* SettingViewController.swift */; };
/* End PBXBuildFile section */

/* Begin PBXContainerItemProxy section */
		BE3BC3E01D97A41300AEE64A /* PBXContainerItemProxy */ = {
			isa = PBXContainerItemProxy;
			containerPortal = BE3BC3C31D97A41300AEE64A /* Project object */;
			proxyType = 1;
			remoteGlobalIDString = BE3BC3CA1D97A41300AEE64A;
			remoteInfo = "Tip Calulator";
		};
		BE3BC3EB1D97A41300AEE64A /* PBXContainerItemProxy */ = {
			isa = PBXContainerItemProxy;
			containerPortal = BE3BC3C31D97A41300AEE64A /* Project object */;
			proxyType = 1;
			remoteGlobalIDString = BE3BC3CA1D97A41300AEE64A;
			remoteInfo = "Tip Calulator";
		};
/* End PBXContainerItemProxy section */

/* Begin PBXFileReference section */
		BE3BC3CB1D97A41300AEE64A /* Tip Calulator.app */ = {isa = PBXFileReference; explicitFileType = wrapper.application; includeInIndex = 0; path = "Tip Calulator.app"; sourceTree = BUILT_PRODUCTS_DIR; };
		BE3BC3CE1D97A41300AEE64A /* AppDelegate.swift */ = {isa = PBXFileReference; lastKnownFileType = sourcecode.swift; path = AppDelegate.swift; sourceTree = "<group>"; };
		BE3BC3D01D97A41300AEE64A /* ViewController.swift */ = {isa = PBXFileReference; lastKnownFileType = sourcecode.swift; path = ViewController.swift; sourceTree = "<group>"; };
		BE3BC3D31D97A41300AEE64A /* Base */ = {isa = PBXFileReference; lastKnownFileType = file.storyboard; name = Base; path = Base.lproj/Main.storyboard; sourceTree = "<group>"; };
		BE3BC3D51D97A41300AEE64A /* Assets.xcassets */ = {isa = PBXFileReference; lastKnownFileType = folder.assetcatalog; path = Assets.xcassets; sourceTree = "<group>"; };
		BE3BC3D81D97A41300AEE64A /* Base */ = {isa = PBXFileReference; lastKnownFileType = file.storyboard; name = Base; path = Base.lproj/LaunchScreen.storyboard; sourceTree = "<group>"; };
		BE3BC3DA1D97A41300AEE64A /* Info.plist */ = {isa = PBXFileReference; lastKnownFileType = text.plist.xml; path = Info.plist; sourceTree = "<group>"; };
		BE3BC3DF1D97A41300AEE64A /* Tip CalulatorTests.xctest */ = {isa = PBXFileReference; explicitFileType = wrapper.cfbundle; includeInIndex = 0; path = "Tip CalulatorTests.xctest"; sourceTree = BUILT_PRODUCTS_DIR; };
		BE3BC3E31D97A41300AEE64A /* Tip_CalulatorTests.swift */ = {isa = PBXFileReference; lastKnownFileType = sourcecode.swift; path = Tip_CalulatorTests.swift; sourceTree = "<group>"; };
		BE3BC3E51D97A41300AEE64A /* Info.plist */ = {isa = PBXFileReference; lastKnownFileType = text.plist.xml; path = Info.plist; sourceTree = "<group>"; };
		BE3BC3EA1D97A41300AEE64A /* Tip CalulatorUITests.xctest */ = {isa = PBXFileReference; explicitFileType = wrapper.cfbundle; includeInIndex = 0; path = "Tip CalulatorUITests.xctest"; sourceTree = BUILT_PRODUCTS_DIR; };
		BE3BC3EE1D97A41300AEE64A /* Tip_CalulatorUITests.swift */ = {isa = PBXFileReference; lastKnownFileType = sourcecode.swift; path = Tip_CalulatorUITests.swift; sourceTree = "<group>"; };
		BE3BC3F01D97A41300AEE64A /* Info.plist */ = {isa = PBXFileReference; lastKnownFileType = text.plist.xml; path = Info.plist; sourceTree = "<group>"; };
		BE3BC3FC1D97B49300AEE64A /* SettingViewController.swift */ = {isa = PBXFileReference; fileEncoding = 4; lastKnownFileType = sourcecode.swift; path = SettingViewController.swift; sourceTree = "<group>"; };
/* End PBXFileReference section */

/* Begin PBXFrameworksBuildPhase section */
		BE3BC3C81D97A41300AEE64A /* Frameworks */ = {
			isa = PBXFrameworksBuildPhase;
			buildActionMask = 2147483647;
			files = (
			);
			runOnlyForDeploymentPostprocessing = 0;
		};
		BE3BC3DC1D97A41300AEE64A /* Frameworks */ = {
			isa = PBXFrameworksBuildPhase;
			buildActionMask = 2147483647;
			files = (
			);
			runOnlyForDeploymentPostprocessing = 0;
		};
		BE3BC3E71D97A41300AEE64A /* Frameworks */ = {
			isa = PBXFrameworksBuildPhase;
			buildActionMask = 2147483647;
			files = (
			);
			runOnlyForDeploymentPostprocessing = 0;
		};
/* End PBXFrameworksBuildPhase section */

/* Begin PBXGroup section */
		BE3BC3C21D97A41300AEE64A = {
			isa = PBXGroup;
			children = (
				BE3BC3CD1D97A41300AEE64A /* Tip Calulator */,
				BE3BC3E21D97A41300AEE64A /* Tip CalulatorTests */,
				BE3BC3ED1D97A41300AEE64A /* Tip CalulatorUITests */,
				BE3BC3CC1D97A41300AEE64A /* Products */,
			);
			sourceTree = "<group>";
		};
		BE3BC3CC1D97A41300AEE64A /* Products */ = {
			isa = PBXGroup;
			children = (
				BE3BC3CB1D97A41300AEE64A /* Tip Calulator.app */,
				BE3BC3DF1D97A41300AEE64A /* Tip CalulatorTests.xctest */,
				BE3BC3EA1D97A41300AEE64A /* Tip CalulatorUITests.xctest */,
			);
			name = Products;
			sourceTree = "<group>";
		};
		BE3BC3CD1D97A41300AEE64A /* Tip Calulator */ = {
			isa = PBXGroup;
			children = (
				BE3BC3CE1D97A41300AEE64A /* AppDelegate.swift */,
				BE3BC3D01D97A41300AEE64A /* ViewController.swift */,
				BE3BC3D21D97A41300AEE64A /* Main.storyboard */,
				BE3BC3FC1D97B49300AEE64A /* SettingViewController.swift */,
				BE3BC3D51D97A41300AEE64A /* Assets.xcassets */,
				BE3BC3D71D97A41300AEE64A /* LaunchScreen.storyboard */,
				BE3BC3DA1D97A41300AEE64A /* Info.plist */,
			);
			path = "Tip Calulator";
			sourceTree = "<group>";
		};
		BE3BC3E21D97A41300AEE64A /* Tip CalulatorTests */ = {
			isa = PBXGroup;
			children = (
				BE3BC3E31D97A41300AEE64A /* Tip_CalulatorTests.swift */,
				BE3BC3E51D97A41300AEE64A /* Info.plist */,
			);
			path = "Tip CalulatorTests";
			sourceTree = "<group>";
		};
		BE3BC3ED1D97A41300AEE64A /* Tip CalulatorUITests */ = {
			isa = PBXGroup;
			children = (
				BE3BC3EE1D97A41300AEE64A /* Tip_CalulatorUITests.swift */,
				BE3BC3F01D97A41300AEE64A /* Info.plist */,
			);
			path = "Tip CalulatorUITests";
			sourceTree = "<group>";
		};
/* End PBXGroup section */

/* Begin PBXNativeTarget section */
		BE3BC3CA1D97A41300AEE64A /* Tip Calulator */ = {
			isa = PBXNativeTarget;
			buildConfigurationList = BE3BC3F31D97A41300AEE64A /* Build configuration list for PBXNativeTarget "Tip Calulator" */;
			buildPhases = (
				BE3BC3C71D97A41300AEE64A /* Sources */,
				BE3BC3C81D97A41300AEE64A /* Frameworks */,
				BE3BC3C91D97A41300AEE64A /* Resources */,
			);
			buildRules = (
			);
			dependencies = (
			);
			name = "Tip Calulator";
			productName = "Tip Calulator";
			productReference = BE3BC3CB1D97A41300AEE64A /* Tip Calulator.app */;
			productType = "com.apple.product-type.application";
		};
		BE3BC3DE1D97A41300AEE64A /* Tip CalulatorTests */ = {
			isa = PBXNativeTarget;
			buildConfigurationList = BE3BC3F61D97A41300AEE64A /* Build configuration list for PBXNativeTarget "Tip CalulatorTests" */;
			buildPhases = (
				BE3BC3DB1D97A41300AEE64A /* Sources */,
				BE3BC3DC1D97A41300AEE64A /* Frameworks */,
				BE3BC3DD1D97A41300AEE64A /* Resources */,
			);
			buildRules = (
			);
			dependencies = (
				BE3BC3E11D97A41300AEE64A /* PBXTargetDependency */,
			);
			name = "Tip CalulatorTests";
			productName = "Tip CalulatorTests";
			productReference = BE3BC3DF1D97A41300AEE64A /* Tip CalulatorTests.xctest */;
			productType = "com.apple.product-type.bundle.unit-test";
		};
		BE3BC3E91D97A41300AEE64A /* Tip CalulatorUITests */ = {
			isa = PBXNativeTarget;
			buildConfigurationList = BE3BC3F91D97A41300AEE64A /* Build configuration list for PBXNativeTarget "Tip CalulatorUITests" */;
			buildPhases = (
				BE3BC3E61D97A41300AEE64A /* Sources */,
				BE3BC3E71D97A41300AEE64A /* Frameworks */,
				BE3BC3E81D97A41300AEE64A /* Resources */,
			);
			buildRules = (
			);
			dependencies = (
				BE3BC3EC1D97A41300AEE64A /* PBXTargetDependency */,
			);
			name = "Tip CalulatorUITests";
			productName = "Tip CalulatorUITests";
			productReference = BE3BC3EA1D97A41300AEE64A /* Tip CalulatorUITests.xctest */;
			productType = "com.apple.product-type.bundle.ui-testing";
		};
/* End PBXNativeTarget section */

/* Begin PBXProject section */
		BE3BC3C31D97A41300AEE64A /* Project object */ = {
			isa = PBXProject;
			attributes = {
				LastSwiftUpdateCheck = 0730;
				LastUpgradeCheck = 0800;
				ORGANIZATIONNAME = "Ken Lam";
				TargetAttributes = {
					BE3BC3CA1D97A41300AEE64A = {
						CreatedOnToolsVersion = 7.3.1;
						LastSwiftMigration = 0800;
					};
					BE3BC3DE1D97A41300AEE64A = {
						CreatedOnToolsVersion = 7.3.1;
						LastSwiftMigration = 0800;
						TestTargetID = BE3BC3CA1D97A41300AEE64A;
					};
					BE3BC3E91D97A41300AEE64A = {
						CreatedOnToolsVersion = 7.3.1;
						LastSwiftMigration = 0800;
						TestTargetID = BE3BC3CA1D97A41300AEE64A;
					};
				};
			};
			buildConfigurationList = BE3BC3C61D97A41300AEE64A /* Build configuration list for PBXProject "Tip Calulator" */;
			compatibilityVersion = "Xcode 3.2";
			developmentRegion = English;
			hasScannedForEncodings = 0;
			knownRegions = (
				en,
				Base,
			);
			mainGroup = BE3BC3C21D97A41300AEE64A;
			productRefGroup = BE3BC3CC1D97A41300AEE64A /* Products */;
			projectDirPath = "";
			projectRoot = "";
			targets = (
				BE3BC3CA1D97A41300AEE64A /* Tip Calulator */,
				BE3BC3DE1D97A41300AEE64A /* Tip CalulatorTests */,
				BE3BC3E91D97A41300AEE64A /* Tip CalulatorUITests */,
			);
		};
/* End PBXProject section */

/* Begin PBXResourcesBuildPhase section */
		BE3BC3C91D97A41300AEE64A /* Resources */ = {
			isa = PBXResourcesBuildPhase;
			buildActionMask = 2147483647;
			files = (
				BE3BC3D91D97A41300AEE64A /* LaunchScreen.storyboard in Resources */,
				BE3BC3D61D97A41300AEE64A /* Assets.xcassets in Resources */,
				BE3BC3D41D97A41300AEE64A /* Main.storyboard in Resources */,
			);
			runOnlyForDeploymentPostprocessing = 0;
		};
		BE3BC3DD1D97A41300AEE64A /* Resources */ = {
			isa = PBXResourcesBuildPhase;
			buildActionMask = 2147483647;
			files = (
			);
			runOnlyForDeploymentPostprocessing = 0;
		};
		BE3BC3E81D97A41300AEE64A /* Resources */ = {
			isa = PBXResourcesBuildPhase;
			buildActionMask = 2147483647;
			files = (
			);
			runOnlyForDeploymentPostprocessing = 0;
		};
/* End PBXResourcesBuildPhase section */

/* Begin PBXSourcesBuildPhase section */
		BE3BC3C71D97A41300AEE64A /* Sources */ = {
			isa = PBXSourcesBuildPhase;
			buildActionMask = 2147483647;
			files = (
				BE3BC3D11D97A41300AEE64A /* ViewController.swift in Sources */,
				BE3BC3CF1D97A41300AEE64A /* AppDelegate.swift in Sources */,
				BE3BC3FD1D97B49300AEE64A /* SettingViewController.swift in Sources */,
			);
			runOnlyForDeploymentPostprocessing = 0;
		};
		BE3BC3DB1D97A41300AEE64A /* Sources */ = {
			isa = PBXSourcesBuildPhase;
			buildActionMask = 2147483647;
			files = (
				BE3BC3E41D97A41300AEE64A /* Tip_CalulatorTests.swift in Sources */,
			);
			runOnlyForDeploymentPostprocessing = 0;
		};
		BE3BC3E61D97A41300AEE64A /* Sources */ = {
			isa = PBXSourcesBuildPhase;
			buildActionMask = 2147483647;
			files = (
				BE3BC3EF1D97A41300AEE64A /* Tip_CalulatorUITests.swift in Sources */,
			);
			runOnlyForDeploymentPostprocessing = 0;
		};
/* End PBXSourcesBuildPhase section */

/* Begin PBXTargetDependency section */
		BE3BC3E11D97A41300AEE64A /* PBXTargetDependency */ = {
			isa = PBXTargetDependency;
			target = BE3BC3CA1D97A41300AEE64A /* Tip Calulator */;
			targetProxy = BE3BC3E01D97A41300AEE64A /* PBXContainerItemProxy */;
		};
		BE3BC3EC1D97A41300AEE64A /* PBXTargetDependency */ = {
			isa = PBXTargetDependency;
			target = BE3BC3CA1D97A41300AEE64A /* Tip Calulator */;
			targetProxy = BE3BC3EB1D97A41300AEE64A /* PBXContainerItemProxy */;
		};
/* End PBXTargetDependency section */

/* Begin PBXVariantGroup section */
		BE3BC3D21D97A41300AEE64A /* Main.storyboard */ = {
			isa = PBXVariantGroup;
			children = (
				BE3BC3D31D97A41300AEE64A /* Base */,
			);
			name = Main.storyboard;
			sourceTree = "<group>";
		};
		BE3BC3D71D97A41300AEE64A /* LaunchScreen.storyboard */ = {
			isa = PBXVariantGroup;
			children = (
				BE3BC3D81D97A41300AEE64A /* Base */,
			);
			name = LaunchScreen.storyboard;
			sourceTree = "<group>";
		};
/* End PBXVariantGroup section */

/* Begin XCBuildConfiguration section */
		BE3BC3F11D97A41300AEE64A /* Debug */ = {
			isa = XCBuildConfiguration;
			buildSettings = {
				ALWAYS_SEARCH_USER_PATHS = NO;
				CLANG_ANALYZER_NONNULL = YES;
				CLANG_CXX_LANGUAGE_STANDARD = "gnu++0x";
				CLANG_CXX_LIBRARY = "libc++";
				CLANG_ENABLE_MODULES = YES;
				CLANG_ENABLE_OBJC_ARC = YES;
				CLANG_WARN_BOOL_CONVERSION = YES;
				CLANG_WARN_CONSTANT_CONVERSION = YES;
				CLANG_WARN_DIRECT_OBJC_ISA_USAGE = YES_ERROR;
				CLANG_WARN_EMPTY_BODY = YES;
				CLANG_WARN_ENUM_CONVERSION = YES;
				CLANG_WARN_INFINITE_RECURSION = YES;
				CLANG_WARN_INT_CONVERSION = YES;
				CLANG_WARN_OBJC_ROOT_CLASS = YES_ERROR;
				CLANG_WARN_SUSPICIOUS_MOVE = YES;
				CLANG_WARN_UNREACHABLE_CODE = YES;
				CLANG_WARN__DUPLICATE_METHOD_MATCH = YES;
				"CODE_SIGN_IDENTITY[sdk=iphoneos*]" = "iPhone Developer";
				COPY_PHASE_STRIP = NO;
				DEBUG_INFORMATION_FORMAT = dwarf;
				ENABLE_STRICT_OBJC_MSGSEND = YES;
				ENABLE_TESTABILITY = YES;
				GCC_C_LANGUAGE_STANDARD = gnu99;
				GCC_DYNAMIC_NO_PIC = NO;
				GCC_NO_COMMON_BLOCKS = YES;
				GCC_OPTIMIZATION_LEVEL = 0;
				GCC_PREPROCESSOR_DEFINITIONS = (
					"DEBUG=1",
					"$(inherited)",
				);
				GCC_WARN_64_TO_32_BIT_CONVERSION = YES;
				GCC_WARN_ABOUT_RETURN_TYPE = YES_ERROR;
				GCC_WARN_UNDECLARED_SELECTOR = YES;
				GCC_WARN_UNINITIALIZED_AUTOS = YES_AGGRESSIVE;
				GCC_WARN_UNUSED_FUNCTION = YES;
				GCC_WARN_UNUSED_VARIABLE = YES;
				IPHONEOS_DEPLOYMENT_TARGET = 9.3;
				MTL_ENABLE_DEBUG_INFO = YES;
				ONLY_ACTIVE_ARCH = YES;
				SDKROOT = iphoneos;
				SWIFT_OPTIMIZATION_LEVEL = "-Onone";
			};
			name = Debug;
		};
		BE3BC3F21D97A41300AEE64A /* Release */ = {
			isa = XCBuildConfiguration;
			buildSettings = {
				ALWAYS_SEARCH_USER_PATHS = NO;
				CLANG_ANALYZER_NONNULL = YES;
				CLANG_CXX_LANGUAGE_STANDARD = "gnu++0x";
				CLANG_CXX_LIBRARY = "libc++";
				CLANG_ENABLE_MODULES = YES;
				CLANG_ENABLE_OBJC_ARC = YES;
				CLANG_WARN_BOOL_CONVERSION = YES;
				CLANG_WARN_CONSTANT_CONVERSION = YES;
				CLANG_WARN_DIRECT_OBJC_ISA_USAGE = YES_ERROR;
				CLANG_WARN_EMPTY_BODY = YES;
				CLANG_WARN_ENUM_CONVERSION = YES;
				CLANG_WARN_INFINITE_RECURSION = YES;
				CLANG_WARN_INT_CONVERSION = YES;
				CLANG_WARN_OBJC_ROOT_CLASS = YES_ERROR;
				CLANG_WARN_SUSPICIOUS_MOVE = YES;
				CLANG_WARN_UNREACHABLE_CODE = YES;
				CLANG_WARN__DUPLICATE_METHOD_MATCH = YES;
				"CODE_SIGN_IDENTITY[sdk=iphoneos*]" = "iPhone Developer";
				COPY_PHASE_STRIP = NO;
				DEBUG_INFORMATION_FORMAT = "dwarf-with-dsym";
				ENABLE_NS_ASSERTIONS = NO;
				ENABLE_STRICT_OBJC_MSGSEND = YES;
				GCC_C_LANGUAGE_STANDARD = gnu99;
				GCC_NO_COMMON_BLOCKS = YES;
				GCC_WARN_64_TO_32_BIT_CONVERSION = YES;
				GCC_WARN_ABOUT_RETURN_TYPE = YES_ERROR;
				GCC_WARN_UNDECLARED_SELECTOR = YES;
				GCC_WARN_UNINITIALIZED_AUTOS = YES_AGGRESSIVE;
				GCC_WARN_UNUSED_FUNCTION = YES;
				GCC_WARN_UNUSED_VARIABLE = YES;
				IPHONEOS_DEPLOYMENT_TARGET = 9.3;
				MTL_ENABLE_DEBUG_INFO = NO;
				SDKROOT = iphoneos;
				SWIFT_OPTIMIZATION_LEVEL = "-Owholemodule";
				VALIDATE_PRODUCT = YES;
			};
			name = Release;
		};
		BE3BC3F41D97A41300AEE64A /* Debug */ = {
			isa = XCBuildConfiguration;
			buildSettings = {
				ASSETCATALOG_COMPILER_APPICON_NAME = AppIcon;
				CODE_SIGN_IDENTITY = "iPhone Developer";
				INFOPLIST_FILE = "Tip Calulator/Info.plist";
				LD_RUNPATH_SEARCH_PATHS = "$(inherited) @executable_path/Frameworks";
				PRODUCT_BUNDLE_IDENTIFIER = "kenk11.Tip-Calulator";
				PRODUCT_NAME = "$(TARGET_NAME)";
				SWIFT_VERSION = 3.0;
			};
			name = Debug;
		};
		BE3BC3F51D97A41300AEE64A /* Release */ = {
			isa = XCBuildConfiguration;
			buildSettings = {
				ASSETCATALOG_COMPILER_APPICON_NAME = AppIcon;
				CODE_SIGN_IDENTITY = "iPhone Developer";
				INFOPLIST_FILE = "Tip Calulator/Info.plist";
				LD_RUNPATH_SEARCH_PATHS = "$(inherited) @executable_path/Frameworks";
				PRODUCT_BUNDLE_IDENTIFIER = "kenk11.Tip-Calulator";
				PRODUCT_NAME = "$(TARGET_NAME)";
				SWIFT_VERSION = 3.0;
			};
			name = Release;
		};
		BE3BC3F71D97A41300AEE64A /* Debug */ = {
			isa = XCBuildConfiguration;
			buildSettings = {
				BUNDLE_LOADER = "$(TEST_HOST)";
				INFOPLIST_FILE = "Tip CalulatorTests/Info.plist";
				LD_RUNPATH_SEARCH_PATHS = "$(inherited) @executable_path/Frameworks @loader_path/Frameworks";
				PRODUCT_BUNDLE_IDENTIFIER = "kenk11.Tip-CalulatorTests";
				PRODUCT_NAME = "$(TARGET_NAME)";
				SWIFT_VERSION = 3.0;
				TEST_HOST = "$(BUILT_PRODUCTS_DIR)/Tip Calulator.app/Tip Calulator";
			};
			name = Debug;
		};
		BE3BC3F81D97A41300AEE64A /* Release */ = {
			isa = XCBuildConfiguration;
			buildSettings = {
				BUNDLE_LOADER = "$(TEST_HOST)";
				INFOPLIST_FILE = "Tip CalulatorTests/Info.plist";
				LD_RUNPATH_SEARCH_PATHS = "$(inherited) @executable_path/Frameworks @loader_path/Frameworks";
				PRODUCT_BUNDLE_IDENTIFIER = "kenk11.Tip-CalulatorTests";
				PRODUCT_NAME = "$(TARGET_NAME)";
				SWIFT_VERSION = 3.0;
				TEST_HOST = "$(BUILT_PRODUCTS_DIR)/Tip Calulator.app/Tip Calulator";
			};
			name = Release;
		};
		BE3BC3FA1D97A41300AEE64A /* Debug */ = {
			isa = XCBuildConfiguration;
			buildSettings = {
				INFOPLIST_FILE = "Tip CalulatorUITests/Info.plist";
				LD_RUNPATH_SEARCH_PATHS = "$(inherited) @executable_path/Frameworks @loader_path/Frameworks";
				PRODUCT_BUNDLE_IDENTIFIER = "kenk11.Tip-CalulatorUITests";
				PRODUCT_NAME = "$(TARGET_NAME)";
				SWIFT_VERSION = 3.0;
				TEST_TARGET_NAME = "Tip Calulator";
			};
			name = Debug;
		};
		BE3BC3FB1D97A41300AEE64A /* Release */ = {
			isa = XCBuildConfiguration;
			buildSettings = {
				INFOPLIST_FILE = "Tip CalulatorUITests/Info.plist";
				LD_RUNPATH_SEARCH_PATHS = "$(inherited) @executable_path/Frameworks @loader_path/Frameworks";
				PRODUCT_BUNDLE_IDENTIFIER = "kenk11.Tip-CalulatorUITests";
				PRODUCT_NAME = "$(TARGET_NAME)";
				SWIFT_VERSION = 3.0;
				TEST_TARGET_NAME = "Tip Calulator";
			};
			name = Release;
		};
/* End XCBuildConfiguration section */

/* Begin XCConfigurationList section */
		BE3BC3C61D97A41300AEE64A /* Build configuration list for PBXProject "Tip Calulator" */ = {
			isa = XCConfigurationList;
			buildConfigurations = (
				BE3BC3F11D97A41300AEE64A /* Debug */,
				BE3BC3F21D97A41300AEE64A /* Release */,
			);
			defaultConfigurationIsVisible = 0;
			defaultConfigurationName = Release;
		};
		BE3BC3F31D97A41300AEE64A /* Build configuration list for PBXNativeTarget "Tip Calulator" */ = {
			isa = XCConfigurationList;
			buildConfigurations = (
				BE3BC3F41D97A41300AEE64A /* Debug */,
				BE3BC3F51D97A41300AEE64A /* Release */,
			);
			defaultConfigurationIsVisible = 0;
			defaultConfigurationName = Release;
		};
		BE3BC3F61D97A41300AEE64A /* Build configuration list for PBXNativeTarget "Tip CalulatorTests" */ = {
			isa = XCConfigurationList;
			buildConfigurations = (
				BE3BC3F71D97A41300AEE64A /* Debug */,
				BE3BC3F81D97A41300AEE64A /* Release */,
			);
			defaultConfigurationIsVisible = 0;
			defaultConfigurationName = Release;
		};
		BE3BC3F91D97A41300AEE64A /* Build configuration list for PBXNativeTarget "Tip CalulatorUITests" */ = {
			isa = XCConfigurationList;
			buildConfigurations = (
				BE3BC3FA1D97A41300AEE64A /* Debug */,
				BE3BC3FB1D97A41300AEE64A /* Release */,
			);
			defaultConfigurationIsVisible = 0;
			defaultConfigurationName = Release;
		};
/* End XCConfigurationList section */
	};
	rootObject = BE3BC3C31D97A41300AEE64A /* Project object */;
}
